# This file is automatically @generated by Poetry 1.7.1 and should not be changed by hand.

[[package]]
name = "anyio"
version = "4.2.0"
description = "High level compatibility layer for multiple asynchronous event loop implementations"
optional = false
python-versions = ">=3.8"
files = [
    {file = "anyio-4.2.0-py3-none-any.whl", hash = "sha256:745843b39e829e108e518c489b31dc757de7d2131d53fac32bd8df268227bfee"},
    {file = "anyio-4.2.0.tar.gz", hash = "sha256:e1875bb4b4e2de1669f4bc7869b6d3f54231cdced71605e6e64c9be77e3be50f"},
]

[package.dependencies]
exceptiongroup = {version = ">=1.0.2", markers = "python_version < \"3.11\""}
idna = ">=2.8"
sniffio = ">=1.1"
typing-extensions = {version = ">=4.1", markers = "python_version < \"3.11\""}

[package.extras]
doc = ["Sphinx (>=7)", "packaging", "sphinx-autodoc-typehints (>=1.2.0)", "sphinx-rtd-theme"]
test = ["anyio[trio]", "coverage[toml] (>=7)", "exceptiongroup (>=1.2.0)", "hypothesis (>=4.0)", "psutil (>=5.9)", "pytest (>=7.0)", "pytest-mock (>=3.6.1)", "trustme", "uvloop (>=0.17)"]
trio = ["trio (>=0.23)"]

[[package]]
name = "certifi"
version = "2023.11.17"
description = "Python package for providing Mozilla's CA Bundle."
optional = false
python-versions = ">=3.6"
files = [
    {file = "certifi-2023.11.17-py3-none-any.whl", hash = "sha256:e036ab49d5b79556f99cfc2d9320b34cfbe5be05c5871b51de9329f0603b0474"},
    {file = "certifi-2023.11.17.tar.gz", hash = "sha256:9b469f3a900bf28dc19b8cfbf8019bf47f7fdd1a65a1d4ffb98fc14166beb4d1"},
]

[[package]]
name = "colorama"
version = "0.4.6"
description = "Cross-platform colored terminal text."
optional = false
python-versions = "!=3.0.*,!=3.1.*,!=3.2.*,!=3.3.*,!=3.4.*,!=3.5.*,!=3.6.*,>=2.7"
files = [
    {file = "colorama-0.4.6-py2.py3-none-any.whl", hash = "sha256:4f1d9991f5acc0ca119f9d443620b77f9d6b33703e51011c16baf57afb285fc6"},
    {file = "colorama-0.4.6.tar.gz", hash = "sha256:08695f5cb7ed6e0531a20572697297273c47b8cae5a63ffc6d6ed5c201be6e44"},
]

[[package]]
name = "coverage"
version = "7.4.0"
description = "Code coverage measurement for Python"
optional = false
python-versions = ">=3.8"
files = [
    {file = "coverage-7.4.0-cp310-cp310-macosx_10_9_x86_64.whl", hash = "sha256:36b0ea8ab20d6a7564e89cb6135920bc9188fb5f1f7152e94e8300b7b189441a"},
    {file = "coverage-7.4.0-cp310-cp310-macosx_11_0_arm64.whl", hash = "sha256:0676cd0ba581e514b7f726495ea75aba3eb20899d824636c6f59b0ed2f88c471"},
    {file = "coverage-7.4.0-cp310-cp310-manylinux_2_17_aarch64.manylinux2014_aarch64.whl", hash = "sha256:d0ca5c71a5a1765a0f8f88022c52b6b8be740e512980362f7fdbb03725a0d6b9"},
    {file = "coverage-7.4.0-cp310-cp310-manylinux_2_5_i686.manylinux1_i686.manylinux_2_17_i686.manylinux2014_i686.whl", hash = "sha256:a7c97726520f784239f6c62506bc70e48d01ae71e9da128259d61ca5e9788516"},
    {file = "coverage-7.4.0-cp310-cp310-manylinux_2_5_x86_64.manylinux1_x86_64.manylinux_2_17_x86_64.manylinux2014_x86_64.whl", hash = "sha256:815ac2d0f3398a14286dc2cea223a6f338109f9ecf39a71160cd1628786bc6f5"},
    {file = "coverage-7.4.0-cp310-cp310-musllinux_1_1_aarch64.whl", hash = "sha256:80b5ee39b7f0131ebec7968baa9b2309eddb35b8403d1869e08f024efd883566"},
    {file = "coverage-7.4.0-cp310-cp310-musllinux_1_1_i686.whl", hash = "sha256:5b2ccb7548a0b65974860a78c9ffe1173cfb5877460e5a229238d985565574ae"},
    {file = "coverage-7.4.0-cp310-cp310-musllinux_1_1_x86_64.whl", hash = "sha256:995ea5c48c4ebfd898eacb098164b3cc826ba273b3049e4a889658548e321b43"},
    {file = "coverage-7.4.0-cp310-cp310-win32.whl", hash = "sha256:79287fd95585ed36e83182794a57a46aeae0b64ca53929d1176db56aacc83451"},
    {file = "coverage-7.4.0-cp310-cp310-win_amd64.whl", hash = "sha256:5b14b4f8760006bfdb6e08667af7bc2d8d9bfdb648351915315ea17645347137"},
    {file = "coverage-7.4.0-cp311-cp311-macosx_10_9_x86_64.whl", hash = "sha256:04387a4a6ecb330c1878907ce0dc04078ea72a869263e53c72a1ba5bbdf380ca"},
    {file = "coverage-7.4.0-cp311-cp311-macosx_11_0_arm64.whl", hash = "sha256:ea81d8f9691bb53f4fb4db603203029643caffc82bf998ab5b59ca05560f4c06"},
    {file = "coverage-7.4.0-cp311-cp311-manylinux_2_17_aarch64.manylinux2014_aarch64.whl", hash = "sha256:74775198b702868ec2d058cb92720a3c5a9177296f75bd97317c787daf711505"},
    {file = "coverage-7.4.0-cp311-cp311-manylinux_2_5_i686.manylinux1_i686.manylinux_2_17_i686.manylinux2014_i686.whl", hash = "sha256:76f03940f9973bfaee8cfba70ac991825611b9aac047e5c80d499a44079ec0bc"},
    {file = "coverage-7.4.0-cp311-cp311-manylinux_2_5_x86_64.manylinux1_x86_64.manylinux_2_17_x86_64.manylinux2014_x86_64.whl", hash = "sha256:485e9f897cf4856a65a57c7f6ea3dc0d4e6c076c87311d4bc003f82cfe199d25"},
    {file = "coverage-7.4.0-cp311-cp311-musllinux_1_1_aarch64.whl", hash = "sha256:6ae8c9d301207e6856865867d762a4b6fd379c714fcc0607a84b92ee63feff70"},
    {file = "coverage-7.4.0-cp311-cp311-musllinux_1_1_i686.whl", hash = "sha256:bf477c355274a72435ceb140dc42de0dc1e1e0bf6e97195be30487d8eaaf1a09"},
    {file = "coverage-7.4.0-cp311-cp311-musllinux_1_1_x86_64.whl", hash = "sha256:83c2dda2666fe32332f8e87481eed056c8b4d163fe18ecc690b02802d36a4d26"},
    {file = "coverage-7.4.0-cp311-cp311-win32.whl", hash = "sha256:697d1317e5290a313ef0d369650cfee1a114abb6021fa239ca12b4849ebbd614"},
    {file = "coverage-7.4.0-cp311-cp311-win_amd64.whl", hash = "sha256:26776ff6c711d9d835557ee453082025d871e30b3fd6c27fcef14733f67f0590"},
    {file = "coverage-7.4.0-cp312-cp312-macosx_10_9_x86_64.whl", hash = "sha256:13eaf476ec3e883fe3e5fe3707caeb88268a06284484a3daf8250259ef1ba143"},
    {file = "coverage-7.4.0-cp312-cp312-macosx_11_0_arm64.whl", hash = "sha256:846f52f46e212affb5bcf131c952fb4075b55aae6b61adc9856222df89cbe3e2"},
    {file = "coverage-7.4.0-cp312-cp312-manylinux_2_17_aarch64.manylinux2014_aarch64.whl", hash = "sha256:26f66da8695719ccf90e794ed567a1549bb2644a706b41e9f6eae6816b398c4a"},
    {file = "coverage-7.4.0-cp312-cp312-manylinux_2_5_i686.manylinux1_i686.manylinux_2_17_i686.manylinux2014_i686.whl", hash = "sha256:164fdcc3246c69a6526a59b744b62e303039a81e42cfbbdc171c91a8cc2f9446"},
    {file = "coverage-7.4.0-cp312-cp312-manylinux_2_5_x86_64.manylinux1_x86_64.manylinux_2_17_x86_64.manylinux2014_x86_64.whl", hash = "sha256:316543f71025a6565677d84bc4df2114e9b6a615aa39fb165d697dba06a54af9"},
    {file = "coverage-7.4.0-cp312-cp312-musllinux_1_1_aarch64.whl", hash = "sha256:bb1de682da0b824411e00a0d4da5a784ec6496b6850fdf8c865c1d68c0e318dd"},
    {file = "coverage-7.4.0-cp312-cp312-musllinux_1_1_i686.whl", hash = "sha256:0e8d06778e8fbffccfe96331a3946237f87b1e1d359d7fbe8b06b96c95a5407a"},
    {file = "coverage-7.4.0-cp312-cp312-musllinux_1_1_x86_64.whl", hash = "sha256:a56de34db7b7ff77056a37aedded01b2b98b508227d2d0979d373a9b5d353daa"},
    {file = "coverage-7.4.0-cp312-cp312-win32.whl", hash = "sha256:51456e6fa099a8d9d91497202d9563a320513fcf59f33991b0661a4a6f2ad450"},
    {file = "coverage-7.4.0-cp312-cp312-win_amd64.whl", hash = "sha256:cd3c1e4cb2ff0083758f09be0f77402e1bdf704adb7f89108007300a6da587d0"},
    {file = "coverage-7.4.0-cp38-cp38-macosx_10_9_x86_64.whl", hash = "sha256:e9d1bf53c4c8de58d22e0e956a79a5b37f754ed1ffdbf1a260d9dcfa2d8a325e"},
    {file = "coverage-7.4.0-cp38-cp38-macosx_11_0_arm64.whl", hash = "sha256:109f5985182b6b81fe33323ab4707011875198c41964f014579cf82cebf2bb85"},
    {file = "coverage-7.4.0-cp38-cp38-manylinux_2_17_aarch64.manylinux2014_aarch64.whl", hash = "sha256:3cc9d4bc55de8003663ec94c2f215d12d42ceea128da8f0f4036235a119c88ac"},
    {file = "coverage-7.4.0-cp38-cp38-manylinux_2_5_i686.manylinux1_i686.manylinux_2_17_i686.manylinux2014_i686.whl", hash = "sha256:cc6d65b21c219ec2072c1293c505cf36e4e913a3f936d80028993dd73c7906b1"},
    {file = "coverage-7.4.0-cp38-cp38-manylinux_2_5_x86_64.manylinux1_x86_64.manylinux_2_17_x86_64.manylinux2014_x86_64.whl", hash = "sha256:5a10a4920def78bbfff4eff8a05c51be03e42f1c3735be42d851f199144897ba"},
    {file = "coverage-7.4.0-cp38-cp38-musllinux_1_1_aarch64.whl", hash = "sha256:b8e99f06160602bc64da35158bb76c73522a4010f0649be44a4e167ff8555952"},
    {file = "coverage-7.4.0-cp38-cp38-musllinux_1_1_i686.whl", hash = "sha256:7d360587e64d006402b7116623cebf9d48893329ef035278969fa3bbf75b697e"},
    {file = "coverage-7.4.0-cp38-cp38-musllinux_1_1_x86_64.whl", hash = "sha256:29f3abe810930311c0b5d1a7140f6395369c3db1be68345638c33eec07535105"},
    {file = "coverage-7.4.0-cp38-cp38-win32.whl", hash = "sha256:5040148f4ec43644702e7b16ca864c5314ccb8ee0751ef617d49aa0e2d6bf4f2"},
    {file = "coverage-7.4.0-cp38-cp38-win_amd64.whl", hash = "sha256:9864463c1c2f9cb3b5db2cf1ff475eed2f0b4285c2aaf4d357b69959941aa555"},
    {file = "coverage-7.4.0-cp39-cp39-macosx_10_9_x86_64.whl", hash = "sha256:936d38794044b26c99d3dd004d8af0035ac535b92090f7f2bb5aa9c8e2f5cd42"},
    {file = "coverage-7.4.0-cp39-cp39-macosx_11_0_arm64.whl", hash = "sha256:799c8f873794a08cdf216aa5d0531c6a3747793b70c53f70e98259720a6fe2d7"},
    {file = "coverage-7.4.0-cp39-cp39-manylinux_2_17_aarch64.manylinux2014_aarch64.whl", hash = "sha256:e7defbb9737274023e2d7af02cac77043c86ce88a907c58f42b580a97d5bcca9"},
    {file = "coverage-7.4.0-cp39-cp39-manylinux_2_5_i686.manylinux1_i686.manylinux_2_17_i686.manylinux2014_i686.whl", hash = "sha256:a1526d265743fb49363974b7aa8d5899ff64ee07df47dd8d3e37dcc0818f09ed"},
    {file = "coverage-7.4.0-cp39-cp39-manylinux_2_5_x86_64.manylinux1_x86_64.manylinux_2_17_x86_64.manylinux2014_x86_64.whl", hash = "sha256:bf635a52fc1ea401baf88843ae8708591aa4adff875e5c23220de43b1ccf575c"},
    {file = "coverage-7.4.0-cp39-cp39-musllinux_1_1_aarch64.whl", hash = "sha256:756ded44f47f330666843b5781be126ab57bb57c22adbb07d83f6b519783b870"},
    {file = "coverage-7.4.0-cp39-cp39-musllinux_1_1_i686.whl", hash = "sha256:0eb3c2f32dabe3a4aaf6441dde94f35687224dfd7eb2a7f47f3fd9428e421058"},
    {file = "coverage-7.4.0-cp39-cp39-musllinux_1_1_x86_64.whl", hash = "sha256:bfd5db349d15c08311702611f3dccbef4b4e2ec148fcc636cf8739519b4a5c0f"},
    {file = "coverage-7.4.0-cp39-cp39-win32.whl", hash = "sha256:53d7d9158ee03956e0eadac38dfa1ec8068431ef8058fe6447043db1fb40d932"},
    {file = "coverage-7.4.0-cp39-cp39-win_amd64.whl", hash = "sha256:cfd2a8b6b0d8e66e944d47cdec2f47c48fef2ba2f2dff5a9a75757f64172857e"},
    {file = "coverage-7.4.0-pp38.pp39.pp310-none-any.whl", hash = "sha256:c530833afc4707fe48524a44844493f36d8727f04dcce91fb978c414a8556cc6"},
    {file = "coverage-7.4.0.tar.gz", hash = "sha256:707c0f58cb1712b8809ece32b68996ee1e609f71bd14615bd8f87a1293cb610e"},
]

[package.dependencies]
tomli = {version = "*", optional = true, markers = "python_full_version <= \"3.11.0a6\" and extra == \"toml\""}

[package.extras]
toml = ["tomli"]

[[package]]
name = "exceptiongroup"
version = "1.2.0"
description = "Backport of PEP 654 (exception groups)"
optional = false
python-versions = ">=3.7"
files = [
    {file = "exceptiongroup-1.2.0-py3-none-any.whl", hash = "sha256:4bfd3996ac73b41e9b9628b04e079f193850720ea5945fc96a08633c66912f14"},
    {file = "exceptiongroup-1.2.0.tar.gz", hash = "sha256:91f5c769735f051a4290d52edd0858999b57e5876e9f85937691bd4c9fa3ed68"},
]

[package.extras]
test = ["pytest (>=6)"]

[[package]]
name = "h11"
version = "0.14.0"
description = "A pure-Python, bring-your-own-I/O implementation of HTTP/1.1"
optional = false
python-versions = ">=3.7"
files = [
    {file = "h11-0.14.0-py3-none-any.whl", hash = "sha256:e3fe4ac4b851c468cc8363d500db52c2ead036020723024a109d37346efaa761"},
    {file = "h11-0.14.0.tar.gz", hash = "sha256:8f19fbbe99e72420ff35c00b27a34cb9937e902a8b810e2c88300c6f0a3b699d"},
]

[[package]]
name = "httpcore"
version = "1.0.2"
description = "A minimal low-level HTTP client."
optional = false
python-versions = ">=3.8"
files = [
    {file = "httpcore-1.0.2-py3-none-any.whl", hash = "sha256:096cc05bca73b8e459a1fc3dcf585148f63e534eae4339559c9b8a8d6399acc7"},
    {file = "httpcore-1.0.2.tar.gz", hash = "sha256:9fc092e4799b26174648e54b74ed5f683132a464e95643b226e00c2ed2fa6535"},
]

[package.dependencies]
certifi = "*"
h11 = ">=0.13,<0.15"

[package.extras]
asyncio = ["anyio (>=4.0,<5.0)"]
http2 = ["h2 (>=3,<5)"]
socks = ["socksio (==1.*)"]
trio = ["trio (>=0.22.0,<0.23.0)"]

[[package]]
name = "httpx"
version = "0.27.0"
description = "The next generation HTTP client."
optional = false
python-versions = ">=3.8"
files = [
    {file = "httpx-0.27.0-py3-none-any.whl", hash = "sha256:71d5465162c13681bff01ad59b2cc68dd838ea1f10e51574bac27103f00c91a5"},
    {file = "httpx-0.27.0.tar.gz", hash = "sha256:a0cb88a46f32dc874e04ee956e4c2764aba2aa228f650b06788ba6bda2962ab5"},
]

[package.dependencies]
anyio = "*"
certifi = "*"
httpcore = "==1.*"
idna = "*"
sniffio = "*"

[package.extras]
brotli = ["brotli", "brotlicffi"]
cli = ["click (==8.*)", "pygments (==2.*)", "rich (>=10,<14)"]
http2 = ["h2 (>=3,<5)"]
socks = ["socksio (==1.*)"]

[[package]]
name = "idna"
version = "3.6"
description = "Internationalized Domain Names in Applications (IDNA)"
optional = false
python-versions = ">=3.5"
files = [
    {file = "idna-3.6-py3-none-any.whl", hash = "sha256:c05567e9c24a6b9faaa835c4821bad0590fbb9d5779e7caa6e1cc4978e7eb24f"},
    {file = "idna-3.6.tar.gz", hash = "sha256:9ecdbbd083b06798ae1e86adcbfe8ab1479cf864e4ee30fe4e46a003d12491ca"},
]

[[package]]
name = "iniconfig"
version = "2.0.0"
description = "brain-dead simple config-ini parsing"
optional = false
python-versions = ">=3.7"
files = [
    {file = "iniconfig-2.0.0-py3-none-any.whl", hash = "sha256:b6a85871a79d2e3b22d2d1b94ac2824226a63c6b741c88f7ae975f18b6778374"},
    {file = "iniconfig-2.0.0.tar.gz", hash = "sha256:2d91e135bf72d31a410b17c16da610a82cb55f6b0477d1a902134b24a455b8b3"},
]

[[package]]
name = "markupsafe"
version = "2.1.4"
description = "Safely add untrusted strings to HTML/XML markup."
optional = false
python-versions = ">=3.7"
files = [
    {file = "MarkupSafe-2.1.4-cp310-cp310-macosx_10_9_universal2.whl", hash = "sha256:de8153a7aae3835484ac168a9a9bdaa0c5eee4e0bc595503c95d53b942879c84"},
    {file = "MarkupSafe-2.1.4-cp310-cp310-macosx_10_9_x86_64.whl", hash = "sha256:e888ff76ceb39601c59e219f281466c6d7e66bd375b4ec1ce83bcdc68306796b"},
    {file = "MarkupSafe-2.1.4-cp310-cp310-manylinux_2_17_aarch64.manylinux2014_aarch64.whl", hash = "sha256:a0b838c37ba596fcbfca71651a104a611543077156cb0a26fe0c475e1f152ee8"},
    {file = "MarkupSafe-2.1.4-cp310-cp310-manylinux_2_17_x86_64.manylinux2014_x86_64.whl", hash = "sha256:dac1ebf6983148b45b5fa48593950f90ed6d1d26300604f321c74a9ca1609f8e"},
    {file = "MarkupSafe-2.1.4-cp310-cp310-manylinux_2_5_i686.manylinux1_i686.manylinux_2_17_i686.manylinux2014_i686.whl", hash = "sha256:0fbad3d346df8f9d72622ac71b69565e621ada2ce6572f37c2eae8dacd60385d"},
    {file = "MarkupSafe-2.1.4-cp310-cp310-musllinux_1_1_aarch64.whl", hash = "sha256:d5291d98cd3ad9a562883468c690a2a238c4a6388ab3bd155b0c75dd55ece858"},
    {file = "MarkupSafe-2.1.4-cp310-cp310-musllinux_1_1_i686.whl", hash = "sha256:a7cc49ef48a3c7a0005a949f3c04f8baa5409d3f663a1b36f0eba9bfe2a0396e"},
    {file = "MarkupSafe-2.1.4-cp310-cp310-musllinux_1_1_x86_64.whl", hash = "sha256:b83041cda633871572f0d3c41dddd5582ad7d22f65a72eacd8d3d6d00291df26"},
    {file = "MarkupSafe-2.1.4-cp310-cp310-win32.whl", hash = "sha256:0c26f67b3fe27302d3a412b85ef696792c4a2386293c53ba683a89562f9399b0"},
    {file = "MarkupSafe-2.1.4-cp310-cp310-win_amd64.whl", hash = "sha256:a76055d5cb1c23485d7ddae533229039b850db711c554a12ea64a0fd8a0129e2"},
    {file = "MarkupSafe-2.1.4-cp311-cp311-macosx_10_9_universal2.whl", hash = "sha256:9e9e3c4020aa2dc62d5dd6743a69e399ce3de58320522948af6140ac959ab863"},
    {file = "MarkupSafe-2.1.4-cp311-cp311-macosx_10_9_x86_64.whl", hash = "sha256:0042d6a9880b38e1dd9ff83146cc3c9c18a059b9360ceae207805567aacccc69"},
    {file = "MarkupSafe-2.1.4-cp311-cp311-manylinux_2_17_aarch64.manylinux2014_aarch64.whl", hash = "sha256:55d03fea4c4e9fd0ad75dc2e7e2b6757b80c152c032ea1d1de487461d8140efc"},
    {file = "MarkupSafe-2.1.4-cp311-cp311-manylinux_2_17_x86_64.manylinux2014_x86_64.whl", hash = "sha256:3ab3a886a237f6e9c9f4f7d272067e712cdb4efa774bef494dccad08f39d8ae6"},
    {file = "MarkupSafe-2.1.4-cp311-cp311-manylinux_2_5_i686.manylinux1_i686.manylinux_2_17_i686.manylinux2014_i686.whl", hash = "sha256:abf5ebbec056817057bfafc0445916bb688a255a5146f900445d081db08cbabb"},
    {file = "MarkupSafe-2.1.4-cp311-cp311-musllinux_1_1_aarch64.whl", hash = "sha256:e1a0d1924a5013d4f294087e00024ad25668234569289650929ab871231668e7"},
    {file = "MarkupSafe-2.1.4-cp311-cp311-musllinux_1_1_i686.whl", hash = "sha256:e7902211afd0af05fbadcc9a312e4cf10f27b779cf1323e78d52377ae4b72bea"},
    {file = "MarkupSafe-2.1.4-cp311-cp311-musllinux_1_1_x86_64.whl", hash = "sha256:c669391319973e49a7c6230c218a1e3044710bc1ce4c8e6eb71f7e6d43a2c131"},
    {file = "MarkupSafe-2.1.4-cp311-cp311-win32.whl", hash = "sha256:31f57d64c336b8ccb1966d156932f3daa4fee74176b0fdc48ef580be774aae74"},
    {file = "MarkupSafe-2.1.4-cp311-cp311-win_amd64.whl", hash = "sha256:54a7e1380dfece8847c71bf7e33da5d084e9b889c75eca19100ef98027bd9f56"},
    {file = "MarkupSafe-2.1.4-cp312-cp312-macosx_10_9_universal2.whl", hash = "sha256:a76cd37d229fc385738bd1ce4cba2a121cf26b53864c1772694ad0ad348e509e"},
    {file = "MarkupSafe-2.1.4-cp312-cp312-macosx_10_9_x86_64.whl", hash = "sha256:987d13fe1d23e12a66ca2073b8d2e2a75cec2ecb8eab43ff5624ba0ad42764bc"},
    {file = "MarkupSafe-2.1.4-cp312-cp312-manylinux_2_17_aarch64.manylinux2014_aarch64.whl", hash = "sha256:5244324676254697fe5c181fc762284e2c5fceeb1c4e3e7f6aca2b6f107e60dc"},
    {file = "MarkupSafe-2.1.4-cp312-cp312-manylinux_2_17_x86_64.manylinux2014_x86_64.whl", hash = "sha256:78bc995e004681246e85e28e068111a4c3f35f34e6c62da1471e844ee1446250"},
    {file = "MarkupSafe-2.1.4-cp312-cp312-manylinux_2_5_i686.manylinux1_i686.manylinux_2_17_i686.manylinux2014_i686.whl", hash = "sha256:a4d176cfdfde84f732c4a53109b293d05883e952bbba68b857ae446fa3119b4f"},
    {file = "MarkupSafe-2.1.4-cp312-cp312-musllinux_1_1_aarch64.whl", hash = "sha256:f9917691f410a2e0897d1ef99619fd3f7dd503647c8ff2475bf90c3cf222ad74"},
    {file = "MarkupSafe-2.1.4-cp312-cp312-musllinux_1_1_i686.whl", hash = "sha256:f06e5a9e99b7df44640767842f414ed5d7bedaaa78cd817ce04bbd6fd86e2dd6"},
    {file = "MarkupSafe-2.1.4-cp312-cp312-musllinux_1_1_x86_64.whl", hash = "sha256:396549cea79e8ca4ba65525470d534e8a41070e6b3500ce2414921099cb73e8d"},
    {file = "MarkupSafe-2.1.4-cp312-cp312-win32.whl", hash = "sha256:f6be2d708a9d0e9b0054856f07ac7070fbe1754be40ca8525d5adccdbda8f475"},
    {file = "MarkupSafe-2.1.4-cp312-cp312-win_amd64.whl", hash = "sha256:5045e892cfdaecc5b4c01822f353cf2c8feb88a6ec1c0adef2a2e705eef0f656"},
    {file = "MarkupSafe-2.1.4-cp37-cp37m-macosx_10_9_x86_64.whl", hash = "sha256:7a07f40ef8f0fbc5ef1000d0c78771f4d5ca03b4953fc162749772916b298fc4"},
    {file = "MarkupSafe-2.1.4-cp37-cp37m-manylinux_2_17_aarch64.manylinux2014_aarch64.whl", hash = "sha256:d18b66fe626ac412d96c2ab536306c736c66cf2a31c243a45025156cc190dc8a"},
    {file = "MarkupSafe-2.1.4-cp37-cp37m-manylinux_2_17_x86_64.manylinux2014_x86_64.whl", hash = "sha256:698e84142f3f884114ea8cf83e7a67ca8f4ace8454e78fe960646c6c91c63bfa"},
    {file = "MarkupSafe-2.1.4-cp37-cp37m-manylinux_2_5_i686.manylinux1_i686.manylinux_2_17_i686.manylinux2014_i686.whl", hash = "sha256:49a3b78a5af63ec10d8604180380c13dcd870aba7928c1fe04e881d5c792dc4e"},
    {file = "MarkupSafe-2.1.4-cp37-cp37m-musllinux_1_1_aarch64.whl", hash = "sha256:15866d7f2dc60cfdde12ebb4e75e41be862348b4728300c36cdf405e258415ec"},
    {file = "MarkupSafe-2.1.4-cp37-cp37m-musllinux_1_1_i686.whl", hash = "sha256:6aa5e2e7fc9bc042ae82d8b79d795b9a62bd8f15ba1e7594e3db243f158b5565"},
    {file = "MarkupSafe-2.1.4-cp37-cp37m-musllinux_1_1_x86_64.whl", hash = "sha256:54635102ba3cf5da26eb6f96c4b8c53af8a9c0d97b64bdcb592596a6255d8518"},
    {file = "MarkupSafe-2.1.4-cp37-cp37m-win32.whl", hash = "sha256:3583a3a3ab7958e354dc1d25be74aee6228938312ee875a22330c4dc2e41beb0"},
    {file = "MarkupSafe-2.1.4-cp37-cp37m-win_amd64.whl", hash = "sha256:d6e427c7378c7f1b2bef6a344c925b8b63623d3321c09a237b7cc0e77dd98ceb"},
    {file = "MarkupSafe-2.1.4-cp38-cp38-macosx_10_9_universal2.whl", hash = "sha256:bf1196dcc239e608605b716e7b166eb5faf4bc192f8a44b81e85251e62584bd2"},
    {file = "MarkupSafe-2.1.4-cp38-cp38-macosx_10_9_x86_64.whl", hash = "sha256:4df98d4a9cd6a88d6a585852f56f2155c9cdb6aec78361a19f938810aa020954"},
    {file = "MarkupSafe-2.1.4-cp38-cp38-manylinux_2_17_aarch64.manylinux2014_aarch64.whl", hash = "sha256:b835aba863195269ea358cecc21b400276747cc977492319fd7682b8cd2c253d"},
    {file = "MarkupSafe-2.1.4-cp38-cp38-manylinux_2_17_x86_64.manylinux2014_x86_64.whl", hash = "sha256:23984d1bdae01bee794267424af55eef4dfc038dc5d1272860669b2aa025c9e3"},
    {file = "MarkupSafe-2.1.4-cp38-cp38-manylinux_2_5_i686.manylinux1_i686.manylinux_2_17_i686.manylinux2014_i686.whl", hash = "sha256:1c98c33ffe20e9a489145d97070a435ea0679fddaabcafe19982fe9c971987d5"},
    {file = "MarkupSafe-2.1.4-cp38-cp38-musllinux_1_1_aarch64.whl", hash = "sha256:9896fca4a8eb246defc8b2a7ac77ef7553b638e04fbf170bff78a40fa8a91474"},
    {file = "MarkupSafe-2.1.4-cp38-cp38-musllinux_1_1_i686.whl", hash = "sha256:b0fe73bac2fed83839dbdbe6da84ae2a31c11cfc1c777a40dbd8ac8a6ed1560f"},
    {file = "MarkupSafe-2.1.4-cp38-cp38-musllinux_1_1_x86_64.whl", hash = "sha256:c7556bafeaa0a50e2fe7dc86e0382dea349ebcad8f010d5a7dc6ba568eaaa789"},
    {file = "MarkupSafe-2.1.4-cp38-cp38-win32.whl", hash = "sha256:fc1a75aa8f11b87910ffd98de62b29d6520b6d6e8a3de69a70ca34dea85d2a8a"},
    {file = "MarkupSafe-2.1.4-cp38-cp38-win_amd64.whl", hash = "sha256:3a66c36a3864df95e4f62f9167c734b3b1192cb0851b43d7cc08040c074c6279"},
    {file = "MarkupSafe-2.1.4-cp39-cp39-macosx_10_9_universal2.whl", hash = "sha256:765f036a3d00395a326df2835d8f86b637dbaf9832f90f5d196c3b8a7a5080cb"},
    {file = "MarkupSafe-2.1.4-cp39-cp39-macosx_10_9_x86_64.whl", hash = "sha256:21e7af8091007bf4bebf4521184f4880a6acab8df0df52ef9e513d8e5db23411"},
    {file = "MarkupSafe-2.1.4-cp39-cp39-manylinux_2_17_aarch64.manylinux2014_aarch64.whl", hash = "sha256:d5c31fe855c77cad679b302aabc42d724ed87c043b1432d457f4976add1c2c3e"},
    {file = "MarkupSafe-2.1.4-cp39-cp39-manylinux_2_17_x86_64.manylinux2014_x86_64.whl", hash = "sha256:7653fa39578957bc42e5ebc15cf4361d9e0ee4b702d7d5ec96cdac860953c5b4"},
    {file = "MarkupSafe-2.1.4-cp39-cp39-manylinux_2_5_i686.manylinux1_i686.manylinux_2_17_i686.manylinux2014_i686.whl", hash = "sha256:47bb5f0142b8b64ed1399b6b60f700a580335c8e1c57f2f15587bd072012decc"},
    {file = "MarkupSafe-2.1.4-cp39-cp39-musllinux_1_1_aarch64.whl", hash = "sha256:fe8512ed897d5daf089e5bd010c3dc03bb1bdae00b35588c49b98268d4a01e00"},
    {file = "MarkupSafe-2.1.4-cp39-cp39-musllinux_1_1_i686.whl", hash = "sha256:36d7626a8cca4d34216875aee5a1d3d654bb3dac201c1c003d182283e3205949"},
    {file = "MarkupSafe-2.1.4-cp39-cp39-musllinux_1_1_x86_64.whl", hash = "sha256:b6f14a9cd50c3cb100eb94b3273131c80d102e19bb20253ac7bd7336118a673a"},
    {file = "MarkupSafe-2.1.4-cp39-cp39-win32.whl", hash = "sha256:c8f253a84dbd2c63c19590fa86a032ef3d8cc18923b8049d91bcdeeb2581fbf6"},
    {file = "MarkupSafe-2.1.4-cp39-cp39-win_amd64.whl", hash = "sha256:8b570a1537367b52396e53325769608f2a687ec9a4363647af1cded8928af959"},
    {file = "MarkupSafe-2.1.4.tar.gz", hash = "sha256:3aae9af4cac263007fd6309c64c6ab4506dd2b79382d9d19a1994f9240b8db4f"},
]

[[package]]
name = "packaging"
version = "23.2"
description = "Core utilities for Python packages"
optional = false
python-versions = ">=3.7"
files = [
    {file = "packaging-23.2-py3-none-any.whl", hash = "sha256:8c491190033a9af7e1d931d0b5dacc2ef47509b34dd0de67ed209b5203fc88c7"},
    {file = "packaging-23.2.tar.gz", hash = "sha256:048fb0e9405036518eaaf48a55953c750c11e1a1b68e0dd1a9d62ed0c092cfc5"},
]

[[package]]
name = "pillow"
version = "10.2.0"
description = "Python Imaging Library (Fork)"
optional = false
python-versions = ">=3.8"
files = [
    {file = "pillow-10.2.0-cp310-cp310-macosx_10_10_x86_64.whl", hash = "sha256:7823bdd049099efa16e4246bdf15e5a13dbb18a51b68fa06d6c1d4d8b99a796e"},
    {file = "pillow-10.2.0-cp310-cp310-macosx_11_0_arm64.whl", hash = "sha256:83b2021f2ade7d1ed556bc50a399127d7fb245e725aa0113ebd05cfe88aaf588"},
    {file = "pillow-10.2.0-cp310-cp310-manylinux_2_17_aarch64.manylinux2014_aarch64.whl", hash = "sha256:6fad5ff2f13d69b7e74ce5b4ecd12cc0ec530fcee76356cac6742785ff71c452"},
    {file = "pillow-10.2.0-cp310-cp310-manylinux_2_17_x86_64.manylinux2014_x86_64.whl", hash = "sha256:da2b52b37dad6d9ec64e653637a096905b258d2fc2b984c41ae7d08b938a67e4"},
    {file = "pillow-10.2.0-cp310-cp310-manylinux_2_28_aarch64.whl", hash = "sha256:47c0995fc4e7f79b5cfcab1fc437ff2890b770440f7696a3ba065ee0fd496563"},
    {file = "pillow-10.2.0-cp310-cp310-manylinux_2_28_x86_64.whl", hash = "sha256:322bdf3c9b556e9ffb18f93462e5f749d3444ce081290352c6070d014c93feb2"},
    {file = "pillow-10.2.0-cp310-cp310-musllinux_1_1_aarch64.whl", hash = "sha256:51f1a1bffc50e2e9492e87d8e09a17c5eea8409cda8d3f277eb6edc82813c17c"},
    {file = "pillow-10.2.0-cp310-cp310-musllinux_1_1_x86_64.whl", hash = "sha256:69ffdd6120a4737710a9eee73e1d2e37db89b620f702754b8f6e62594471dee0"},
    {file = "pillow-10.2.0-cp310-cp310-win32.whl", hash = "sha256:c6dafac9e0f2b3c78df97e79af707cdc5ef8e88208d686a4847bab8266870023"},
    {file = "pillow-10.2.0-cp310-cp310-win_amd64.whl", hash = "sha256:aebb6044806f2e16ecc07b2a2637ee1ef67a11840a66752751714a0d924adf72"},
    {file = "pillow-10.2.0-cp310-cp310-win_arm64.whl", hash = "sha256:7049e301399273a0136ff39b84c3678e314f2158f50f517bc50285fb5ec847ad"},
    {file = "pillow-10.2.0-cp311-cp311-macosx_10_10_x86_64.whl", hash = "sha256:35bb52c37f256f662abdfa49d2dfa6ce5d93281d323a9af377a120e89a9eafb5"},
    {file = "pillow-10.2.0-cp311-cp311-macosx_11_0_arm64.whl", hash = "sha256:9c23f307202661071d94b5e384e1e1dc7dfb972a28a2310e4ee16103e66ddb67"},
    {file = "pillow-10.2.0-cp311-cp311-manylinux_2_17_aarch64.manylinux2014_aarch64.whl", hash = "sha256:773efe0603db30c281521a7c0214cad7836c03b8ccff897beae9b47c0b657d61"},
    {file = "pillow-10.2.0-cp311-cp311-manylinux_2_17_x86_64.manylinux2014_x86_64.whl", hash = "sha256:11fa2e5984b949b0dd6d7a94d967743d87c577ff0b83392f17cb3990d0d2fd6e"},
    {file = "pillow-10.2.0-cp311-cp311-manylinux_2_28_aarch64.whl", hash = "sha256:716d30ed977be8b37d3ef185fecb9e5a1d62d110dfbdcd1e2a122ab46fddb03f"},
    {file = "pillow-10.2.0-cp311-cp311-manylinux_2_28_x86_64.whl", hash = "sha256:a086c2af425c5f62a65e12fbf385f7c9fcb8f107d0849dba5839461a129cf311"},
    {file = "pillow-10.2.0-cp311-cp311-musllinux_1_1_aarch64.whl", hash = "sha256:c8de2789052ed501dd829e9cae8d3dcce7acb4777ea4a479c14521c942d395b1"},
    {file = "pillow-10.2.0-cp311-cp311-musllinux_1_1_x86_64.whl", hash = "sha256:609448742444d9290fd687940ac0b57fb35e6fd92bdb65386e08e99af60bf757"},
    {file = "pillow-10.2.0-cp311-cp311-win32.whl", hash = "sha256:823ef7a27cf86df6597fa0671066c1b596f69eba53efa3d1e1cb8b30f3533068"},
    {file = "pillow-10.2.0-cp311-cp311-win_amd64.whl", hash = "sha256:1da3b2703afd040cf65ec97efea81cfba59cdbed9c11d8efc5ab09df9509fc56"},
    {file = "pillow-10.2.0-cp311-cp311-win_arm64.whl", hash = "sha256:edca80cbfb2b68d7b56930b84a0e45ae1694aeba0541f798e908a49d66b837f1"},
    {file = "pillow-10.2.0-cp312-cp312-macosx_10_10_x86_64.whl", hash = "sha256:1b5e1b74d1bd1b78bc3477528919414874748dd363e6272efd5abf7654e68bef"},
    {file = "pillow-10.2.0-cp312-cp312-macosx_11_0_arm64.whl", hash = "sha256:0eae2073305f451d8ecacb5474997c08569fb4eb4ac231ffa4ad7d342fdc25ac"},
    {file = "pillow-10.2.0-cp312-cp312-manylinux_2_17_aarch64.manylinux2014_aarch64.whl", hash = "sha256:b7c2286c23cd350b80d2fc9d424fc797575fb16f854b831d16fd47ceec078f2c"},
    {file = "pillow-10.2.0-cp312-cp312-manylinux_2_17_x86_64.manylinux2014_x86_64.whl", hash = "sha256:1e23412b5c41e58cec602f1135c57dfcf15482013ce6e5f093a86db69646a5aa"},
    {file = "pillow-10.2.0-cp312-cp312-manylinux_2_28_aarch64.whl", hash = "sha256:52a50aa3fb3acb9cf7213573ef55d31d6eca37f5709c69e6858fe3bc04a5c2a2"},
    {file = "pillow-10.2.0-cp312-cp312-manylinux_2_28_x86_64.whl", hash = "sha256:127cee571038f252a552760076407f9cff79761c3d436a12af6000cd182a9d04"},
    {file = "pillow-10.2.0-cp312-cp312-musllinux_1_1_aarch64.whl", hash = "sha256:8d12251f02d69d8310b046e82572ed486685c38f02176bd08baf216746eb947f"},
    {file = "pillow-10.2.0-cp312-cp312-musllinux_1_1_x86_64.whl", hash = "sha256:54f1852cd531aa981bc0965b7d609f5f6cc8ce8c41b1139f6ed6b3c54ab82bfb"},
    {file = "pillow-10.2.0-cp312-cp312-win32.whl", hash = "sha256:257d8788df5ca62c980314053197f4d46eefedf4e6175bc9412f14412ec4ea2f"},
    {file = "pillow-10.2.0-cp312-cp312-win_amd64.whl", hash = "sha256:154e939c5f0053a383de4fd3d3da48d9427a7e985f58af8e94d0b3c9fcfcf4f9"},
    {file = "pillow-10.2.0-cp312-cp312-win_arm64.whl", hash = "sha256:f379abd2f1e3dddb2b61bc67977a6b5a0a3f7485538bcc6f39ec76163891ee48"},
    {file = "pillow-10.2.0-cp38-cp38-macosx_10_10_x86_64.whl", hash = "sha256:8373c6c251f7ef8bda6675dd6d2b3a0fcc31edf1201266b5cf608b62a37407f9"},
    {file = "pillow-10.2.0-cp38-cp38-macosx_11_0_arm64.whl", hash = "sha256:870ea1ada0899fd0b79643990809323b389d4d1d46c192f97342eeb6ee0b8483"},
    {file = "pillow-10.2.0-cp38-cp38-manylinux_2_17_aarch64.manylinux2014_aarch64.whl", hash = "sha256:b4b6b1e20608493548b1f32bce8cca185bf0480983890403d3b8753e44077129"},
    {file = "pillow-10.2.0-cp38-cp38-manylinux_2_17_x86_64.manylinux2014_x86_64.whl", hash = "sha256:3031709084b6e7852d00479fd1d310b07d0ba82765f973b543c8af5061cf990e"},
    {file = "pillow-10.2.0-cp38-cp38-manylinux_2_28_aarch64.whl", hash = "sha256:3ff074fc97dd4e80543a3e91f69d58889baf2002b6be64347ea8cf5533188213"},
    {file = "pillow-10.2.0-cp38-cp38-manylinux_2_28_x86_64.whl", hash = "sha256:cb4c38abeef13c61d6916f264d4845fab99d7b711be96c326b84df9e3e0ff62d"},
    {file = "pillow-10.2.0-cp38-cp38-musllinux_1_1_aarch64.whl", hash = "sha256:b1b3020d90c2d8e1dae29cf3ce54f8094f7938460fb5ce8bc5c01450b01fbaf6"},
    {file = "pillow-10.2.0-cp38-cp38-musllinux_1_1_x86_64.whl", hash = "sha256:170aeb00224ab3dc54230c797f8404507240dd868cf52066f66a41b33169bdbe"},
    {file = "pillow-10.2.0-cp38-cp38-win32.whl", hash = "sha256:c4225f5220f46b2fde568c74fca27ae9771536c2e29d7c04f4fb62c83275ac4e"},
    {file = "pillow-10.2.0-cp38-cp38-win_amd64.whl", hash = "sha256:0689b5a8c5288bc0504d9fcee48f61a6a586b9b98514d7d29b840143d6734f39"},
    {file = "pillow-10.2.0-cp39-cp39-macosx_10_10_x86_64.whl", hash = "sha256:b792a349405fbc0163190fde0dc7b3fef3c9268292586cf5645598b48e63dc67"},
    {file = "pillow-10.2.0-cp39-cp39-macosx_11_0_arm64.whl", hash = "sha256:c570f24be1e468e3f0ce7ef56a89a60f0e05b30a3669a459e419c6eac2c35364"},
    {file = "pillow-10.2.0-cp39-cp39-manylinux_2_17_aarch64.manylinux2014_aarch64.whl", hash = "sha256:d8ecd059fdaf60c1963c58ceb8997b32e9dc1b911f5da5307aab614f1ce5c2fb"},
    {file = "pillow-10.2.0-cp39-cp39-manylinux_2_17_x86_64.manylinux2014_x86_64.whl", hash = "sha256:c365fd1703040de1ec284b176d6af5abe21b427cb3a5ff68e0759e1e313a5e7e"},
    {file = "pillow-10.2.0-cp39-cp39-manylinux_2_28_aarch64.whl", hash = "sha256:70c61d4c475835a19b3a5aa42492409878bbca7438554a1f89d20d58a7c75c01"},
    {file = "pillow-10.2.0-cp39-cp39-manylinux_2_28_x86_64.whl", hash = "sha256:b6f491cdf80ae540738859d9766783e3b3c8e5bd37f5dfa0b76abdecc5081f13"},
    {file = "pillow-10.2.0-cp39-cp39-musllinux_1_1_aarch64.whl", hash = "sha256:9d189550615b4948f45252d7f005e53c2040cea1af5b60d6f79491a6e147eef7"},
    {file = "pillow-10.2.0-cp39-cp39-musllinux_1_1_x86_64.whl", hash = "sha256:49d9ba1ed0ef3e061088cd1e7538a0759aab559e2e0a80a36f9fd9d8c0c21591"},
    {file = "pillow-10.2.0-cp39-cp39-win32.whl", hash = "sha256:babf5acfede515f176833ed6028754cbcd0d206f7f614ea3447d67c33be12516"},
    {file = "pillow-10.2.0-cp39-cp39-win_amd64.whl", hash = "sha256:0304004f8067386b477d20a518b50f3fa658a28d44e4116970abfcd94fac34a8"},
    {file = "pillow-10.2.0-cp39-cp39-win_arm64.whl", hash = "sha256:0fb3e7fc88a14eacd303e90481ad983fd5b69c761e9e6ef94c983f91025da869"},
    {file = "pillow-10.2.0-pp310-pypy310_pp73-macosx_10_10_x86_64.whl", hash = "sha256:322209c642aabdd6207517e9739c704dc9f9db943015535783239022002f054a"},
    {file = "pillow-10.2.0-pp310-pypy310_pp73-manylinux_2_17_aarch64.manylinux2014_aarch64.whl", hash = "sha256:3eedd52442c0a5ff4f887fab0c1c0bb164d8635b32c894bc1faf4c618dd89df2"},
    {file = "pillow-10.2.0-pp310-pypy310_pp73-manylinux_2_17_x86_64.manylinux2014_x86_64.whl", hash = "sha256:cb28c753fd5eb3dd859b4ee95de66cc62af91bcff5db5f2571d32a520baf1f04"},
    {file = "pillow-10.2.0-pp310-pypy310_pp73-manylinux_2_28_aarch64.whl", hash = "sha256:33870dc4653c5017bf4c8873e5488d8f8d5f8935e2f1fb9a2208c47cdd66efd2"},
    {file = "pillow-10.2.0-pp310-pypy310_pp73-manylinux_2_28_x86_64.whl", hash = "sha256:3c31822339516fb3c82d03f30e22b1d038da87ef27b6a78c9549888f8ceda39a"},
    {file = "pillow-10.2.0-pp310-pypy310_pp73-win_amd64.whl", hash = "sha256:a2b56ba36e05f973d450582fb015594aaa78834fefe8dfb8fcd79b93e64ba4c6"},
    {file = "pillow-10.2.0-pp38-pypy38_pp73-win_amd64.whl", hash = "sha256:d8e6aeb9201e655354b3ad049cb77d19813ad4ece0df1249d3c793de3774f8c7"},
    {file = "pillow-10.2.0-pp39-pypy39_pp73-macosx_10_10_x86_64.whl", hash = "sha256:2247178effb34a77c11c0e8ac355c7a741ceca0a732b27bf11e747bbc950722f"},
    {file = "pillow-10.2.0-pp39-pypy39_pp73-manylinux_2_17_aarch64.manylinux2014_aarch64.whl", hash = "sha256:15587643b9e5eb26c48e49a7b33659790d28f190fc514a322d55da2fb5c2950e"},
    {file = "pillow-10.2.0-pp39-pypy39_pp73-manylinux_2_17_x86_64.manylinux2014_x86_64.whl", hash = "sha256:753cd8f2086b2b80180d9b3010dd4ed147efc167c90d3bf593fe2af21265e5a5"},
    {file = "pillow-10.2.0-pp39-pypy39_pp73-manylinux_2_28_aarch64.whl", hash = "sha256:7c8f97e8e7a9009bcacbe3766a36175056c12f9a44e6e6f2d5caad06dcfbf03b"},
    {file = "pillow-10.2.0-pp39-pypy39_pp73-manylinux_2_28_x86_64.whl", hash = "sha256:d1b35bcd6c5543b9cb547dee3150c93008f8dd0f1fef78fc0cd2b141c5baf58a"},
    {file = "pillow-10.2.0-pp39-pypy39_pp73-win_amd64.whl", hash = "sha256:fe4c15f6c9285dc54ce6553a3ce908ed37c8f3825b5a51a15c91442bb955b868"},
    {file = "pillow-10.2.0.tar.gz", hash = "sha256:e87f0b2c78157e12d7686b27d63c070fd65d994e8ddae6f328e0dcf4a0cd007e"},
]

[package.extras]
docs = ["furo", "olefile", "sphinx (>=2.4)", "sphinx-copybutton", "sphinx-inline-tabs", "sphinx-removed-in", "sphinxext-opengraph"]
fpx = ["olefile"]
mic = ["olefile"]
tests = ["check-manifest", "coverage", "defusedxml", "markdown2", "olefile", "packaging", "pyroma", "pytest", "pytest-cov", "pytest-timeout"]
typing = ["typing-extensions"]
xmp = ["defusedxml"]

[[package]]
name = "pluggy"
version = "1.3.0"
description = "plugin and hook calling mechanisms for python"
optional = false
python-versions = ">=3.8"
files = [
    {file = "pluggy-1.3.0-py3-none-any.whl", hash = "sha256:d89c696a773f8bd377d18e5ecda92b7a3793cbe66c87060a6fb58c7b6e1061f7"},
    {file = "pluggy-1.3.0.tar.gz", hash = "sha256:cf61ae8f126ac6f7c451172cf30e3e43d3ca77615509771b3a984a0730651e12"},
]

[package.extras]
dev = ["pre-commit", "tox"]
testing = ["pytest", "pytest-benchmark"]

[[package]]
name = "pytest"
version = "7.4.4"
description = "pytest: simple powerful testing with Python"
optional = false
python-versions = ">=3.7"
files = [
    {file = "pytest-7.4.4-py3-none-any.whl", hash = "sha256:b090cdf5ed60bf4c45261be03239c2c1c22df034fbffe691abe93cd80cea01d8"},
    {file = "pytest-7.4.4.tar.gz", hash = "sha256:2cf0005922c6ace4a3e2ec8b4080eb0d9753fdc93107415332f50ce9e7994280"},
]

[package.dependencies]
colorama = {version = "*", markers = "sys_platform == \"win32\""}
exceptiongroup = {version = ">=1.0.0rc8", markers = "python_version < \"3.11\""}
iniconfig = "*"
packaging = "*"
pluggy = ">=0.12,<2.0"
tomli = {version = ">=1.0.0", markers = "python_version < \"3.11\""}

[package.extras]
testing = ["argcomplete", "attrs (>=19.2.0)", "hypothesis (>=3.56)", "mock", "nose", "pygments (>=2.7.2)", "requests", "setuptools", "xmlschema"]

[[package]]
name = "pytest-asyncio"
version = "0.23.3"
description = "Pytest support for asyncio"
optional = false
python-versions = ">=3.8"
files = [
    {file = "pytest-asyncio-0.23.3.tar.gz", hash = "sha256:af313ce900a62fbe2b1aed18e37ad757f1ef9940c6b6a88e2954de38d6b1fb9f"},
    {file = "pytest_asyncio-0.23.3-py3-none-any.whl", hash = "sha256:37a9d912e8338ee7b4a3e917381d1c95bfc8682048cb0fbc35baba316ec1faba"},
]

[package.dependencies]
pytest = ">=7.0.0"

[package.extras]
docs = ["sphinx (>=5.3)", "sphinx-rtd-theme (>=1.0)"]
testing = ["coverage (>=6.2)", "hypothesis (>=5.7.1)"]

[[package]]
name = "pytest-cov"
version = "4.1.0"
description = "Pytest plugin for measuring coverage."
optional = false
python-versions = ">=3.7"
files = [
    {file = "pytest-cov-4.1.0.tar.gz", hash = "sha256:3904b13dfbfec47f003b8e77fd5b589cd11904a21ddf1ab38a64f204d6a10ef6"},
    {file = "pytest_cov-4.1.0-py3-none-any.whl", hash = "sha256:6ba70b9e97e69fcc3fb45bfeab2d0a138fb65c4d0d6a41ef33983ad114be8c3a"},
]

[package.dependencies]
coverage = {version = ">=5.2.1", extras = ["toml"]}
pytest = ">=4.6"

[package.extras]
testing = ["fields", "hunter", "process-tests", "pytest-xdist", "six", "virtualenv"]

[[package]]
name = "pytest-httpserver"
version = "1.0.8"
description = "pytest-httpserver is a httpserver for pytest"
optional = false
python-versions = ">=3.8,<4.0"
files = [
    {file = "pytest_httpserver-1.0.8-py3-none-any.whl", hash = "sha256:24cd3d9f6a0b927c7bfc400d0b3fda7442721b8267ce29942bf307b190f0bb09"},
    {file = "pytest_httpserver-1.0.8.tar.gz", hash = "sha256:e052f69bc8a9073db02484681e8e47004dd1fb3763b0ae833bd899e5895c559a"},
]

[package.dependencies]
Werkzeug = ">=2.0.0"

[[package]]
name = "ruff"
version = "0.1.14"
description = "An extremely fast Python linter and code formatter, written in Rust."
optional = false
python-versions = ">=3.7"
files = [
    {file = "ruff-0.1.14-py3-none-macosx_10_12_x86_64.macosx_11_0_arm64.macosx_10_12_universal2.whl", hash = "sha256:96f76536df9b26622755c12ed8680f159817be2f725c17ed9305b472a757cdbb"},
    {file = "ruff-0.1.14-py3-none-macosx_10_12_x86_64.whl", hash = "sha256:ab3f71f64498c7241123bb5a768544cf42821d2a537f894b22457a543d3ca7a9"},
    {file = "ruff-0.1.14-py3-none-manylinux_2_17_aarch64.manylinux2014_aarch64.whl", hash = "sha256:7060156ecc572b8f984fd20fd8b0fcb692dd5d837b7606e968334ab7ff0090ab"},
    {file = "ruff-0.1.14-py3-none-manylinux_2_17_armv7l.manylinux2014_armv7l.whl", hash = "sha256:a53d8e35313d7b67eb3db15a66c08434809107659226a90dcd7acb2afa55faea"},
    {file = "ruff-0.1.14-py3-none-manylinux_2_17_i686.manylinux2014_i686.whl", hash = "sha256:bea9be712b8f5b4ebed40e1949379cfb2a7d907f42921cf9ab3aae07e6fba9eb"},
    {file = "ruff-0.1.14-py3-none-manylinux_2_17_ppc64.manylinux2014_ppc64.whl", hash = "sha256:2270504d629a0b064247983cbc495bed277f372fb9eaba41e5cf51f7ba705a6a"},
    {file = "ruff-0.1.14-py3-none-manylinux_2_17_ppc64le.manylinux2014_ppc64le.whl", hash = "sha256:80258bb3b8909b1700610dfabef7876423eed1bc930fe177c71c414921898efa"},
    {file = "ruff-0.1.14-py3-none-manylinux_2_17_s390x.manylinux2014_s390x.whl", hash = "sha256:653230dd00aaf449eb5ff25d10a6e03bc3006813e2cb99799e568f55482e5cae"},
    {file = "ruff-0.1.14-py3-none-manylinux_2_17_x86_64.manylinux2014_x86_64.whl", hash = "sha256:87b3acc6c4e6928459ba9eb7459dd4f0c4bf266a053c863d72a44c33246bfdbf"},
    {file = "ruff-0.1.14-py3-none-musllinux_1_2_aarch64.whl", hash = "sha256:6b3dadc9522d0eccc060699a9816e8127b27addbb4697fc0c08611e4e6aeb8b5"},
    {file = "ruff-0.1.14-py3-none-musllinux_1_2_armv7l.whl", hash = "sha256:1c8eca1a47b4150dc0fbec7fe68fc91c695aed798532a18dbb1424e61e9b721f"},
    {file = "ruff-0.1.14-py3-none-musllinux_1_2_i686.whl", hash = "sha256:62ce2ae46303ee896fc6811f63d6dabf8d9c389da0f3e3f2bce8bc7f15ef5488"},
    {file = "ruff-0.1.14-py3-none-musllinux_1_2_x86_64.whl", hash = "sha256:b2027dde79d217b211d725fc833e8965dc90a16d0d3213f1298f97465956661b"},
    {file = "ruff-0.1.14-py3-none-win32.whl", hash = "sha256:722bafc299145575a63bbd6b5069cb643eaa62546a5b6398f82b3e4403329cab"},
    {file = "ruff-0.1.14-py3-none-win_amd64.whl", hash = "sha256:e3d241aa61f92b0805a7082bd89a9990826448e4d0398f0e2bc8f05c75c63d99"},
    {file = "ruff-0.1.14-py3-none-win_arm64.whl", hash = "sha256:269302b31ade4cde6cf6f9dd58ea593773a37ed3f7b97e793c8594b262466b67"},
    {file = "ruff-0.1.14.tar.gz", hash = "sha256:ad3f8088b2dfd884820289a06ab718cde7d38b94972212cc4ba90d5fbc9955f3"},
]

[[package]]
name = "sniffio"
version = "1.3.0"
description = "Sniff out which async library your code is running under"
optional = false
python-versions = ">=3.7"
files = [
    {file = "sniffio-1.3.0-py3-none-any.whl", hash = "sha256:eecefdce1e5bbfb7ad2eeaabf7c1eeb404d7757c379bd1f7e5cce9d8bf425384"},
    {file = "sniffio-1.3.0.tar.gz", hash = "sha256:e60305c5e5d314f5389259b7f22aaa33d8f7dee49763119234af3755c55b9101"},
]

[[package]]
name = "tomli"
version = "2.0.1"
description = "A lil' TOML parser"
optional = false
python-versions = ">=3.7"
files = [
    {file = "tomli-2.0.1-py3-none-any.whl", hash = "sha256:939de3e7a6161af0c887ef91b7d41a53e7c5a1ca976325f429cb46ea9bc30ecc"},
    {file = "tomli-2.0.1.tar.gz", hash = "sha256:de526c12914f0c550d15924c62d72abc48d6fe7364aa87328337a31007fe8a4f"},
]

[[package]]
name = "typing-extensions"
version = "4.9.0"
description = "Backported and Experimental Type Hints for Python 3.8+"
optional = false
python-versions = ">=3.8"
files = [
    {file = "typing_extensions-4.9.0-py3-none-any.whl", hash = "sha256:af72aea155e91adfc61c3ae9e0e342dbc0cba726d6cba4b6c72c1f34e47291cd"},
    {file = "typing_extensions-4.9.0.tar.gz", hash = "sha256:23478f88c37f27d76ac8aee6c905017a143b0b1b886c3c9f66bc2fd94f9f5783"},
]

[[package]]
name = "werkzeug"
version = "3.0.1"
description = "The comprehensive WSGI web application library."
optional = false
python-versions = ">=3.8"
files = [
    {file = "werkzeug-3.0.1-py3-none-any.whl", hash = "sha256:90a285dc0e42ad56b34e696398b8122ee4c681833fb35b8334a095d82c56da10"},
    {file = "werkzeug-3.0.1.tar.gz", hash = "sha256:507e811ecea72b18a404947aded4b3390e1db8f826b494d76550ef45bb3b1dcc"},
]

[package.dependencies]
MarkupSafe = ">=2.1.1"

[package.extras]
watchdog = ["watchdog (>=2.3)"]

[metadata]
lock-version = "2.0"
python-versions = "^3.8"
content-hash = "246c99fc63b2d2826ad5e9eb7ff8549963ba70e66a7b2b976c5d8ab8956d69b4"
